
Microsoft Visual Studio Solution File, Format Version 12.00
# Visual Studio Version 17
VisualStudioVersion = 17.4.33122.133
MinimumVisualStudioVersion = 10.0.40219.1
Project("{FAE04EC0-301F-11D3-BF4B-00C04F79EFBC}") = "EMS.Data", "EMS.Data.csproj", "{238842DF-27C6-41CD-8173-9207083361FE}"
EndProject
Project("{FAE04EC0-301F-11D3-BF4B-00C04F79EFBC}") = "EMS.Infrastructure", "..\EMS.Infrastructure\EMS.Infrastructure.csproj", "{03D197B2-7723-42EC-AB74-2507B56CF9C0}"
EndProject
Project("{FAE04EC0-301F-11D3-BF4B-00C04F79EFBC}") = "EMS.Service", "..\EMS.Application\EMS.Service.csproj", "{290766C5-97F7-4290-81EE-41CAF453A525}"
EndProject
Project("{FAE04EC0-301F-11D3-BF4B-00C04F79EFBC}") = "EMS.Test", "..\EMS.Test\EMS.Test.csproj", "{D6D5AA74-969D-4098-93D7-CB7AB488B6E6}"
EndProject
Project("{FAE04EC0-301F-11D3-BF4B-00C04F79EFBC}") = "EMS.Web", "..\EMS.Web\EMS.Web.csproj", "{1FF7074C-1FB3-40F5-BAEA-17FBBCBD7479}"
EndProject
Global
	GlobalSection(SolutionConfigurationPlatforms) = preSolution
		Debug|Any CPU = Debug|Any CPU
		Release|Any CPU = Release|Any CPU
	EndGlobalSection
	GlobalSection(ProjectConfigurationPlatforms) = postSolution
		{238842DF-27C6-41CD-8173-9207083361FE}.Debug|Any CPU.ActiveCfg = Debug|Any CPU
		{238842DF-27C6-41CD-8173-9207083361FE}.Debug|Any CPU.Build.0 = Debug|Any CPU
		{238842DF-27C6-41CD-8173-9207083361FE}.Release|Any CPU.ActiveCfg = Release|Any CPU
		{238842DF-27C6-41CD-8173-9207083361FE}.Release|Any CPU.Build.0 = Release|Any CPU
		{03D197B2-7723-42EC-AB74-2507B56CF9C0}.Debug|Any CPU.ActiveCfg = Debug|Any CPU
		{03D197B2-7723-42EC-AB74-2507B56CF9C0}.Debug|Any CPU.Build.0 = Debug|Any CPU
		{03D197B2-7723-42EC-AB74-2507B56CF9C0}.Release|Any CPU.ActiveCfg = Release|Any CPU
		{03D197B2-7723-42EC-AB74-2507B56CF9C0}.Release|Any CPU.Build.0 = Release|Any CPU
		{290766C5-97F7-4290-81EE-41CAF453A525}.Debug|Any CPU.ActiveCfg = Debug|Any CPU
		{290766C5-97F7-4290-81EE-41CAF453A525}.Debug|Any CPU.Build.0 = Debug|Any CPU
		{290766C5-97F7-4290-81EE-41CAF453A525}.Release|Any CPU.ActiveCfg = Release|Any CPU
		{290766C5-97F7-4290-81EE-41CAF453A525}.Release|Any CPU.Build.0 = Release|Any CPU
		{D6D5AA74-969D-4098-93D7-CB7AB488B6E6}.Debug|Any CPU.ActiveCfg = Debug|Any CPU
		{D6D5AA74-969D-4098-93D7-CB7AB488B6E6}.Debug|Any CPU.Build.0 = Debug|Any CPU
		{D6D5AA74-969D-4098-93D7-CB7AB488B6E6}.Release|Any CPU.ActiveCfg = Release|Any CPU
		{D6D5AA74-969D-4098-93D7-CB7AB488B6E6}.Release|Any CPU.Build.0 = Release|Any CPU
		{1FF7074C-1FB3-40F5-BAEA-17FBBCBD7479}.Debug|Any CPU.ActiveCfg = Debug|Any CPU
		{1FF7074C-1FB3-40F5-BAEA-17FBBCBD7479}.Debug|Any CPU.Build.0 = Debug|Any CPU
		{1FF7074C-1FB3-40F5-BAEA-17FBBCBD7479}.Release|Any CPU.ActiveCfg = Release|Any CPU
		{1FF7074C-1FB3-40F5-BAEA-17FBBCBD7479}.Release|Any CPU.Build.0 = Release|Any CPU
	EndGlobalSection
	GlobalSection(SolutionProperties) = preSolution
		HideSolutionNode = FALSE
	EndGlobalSection
	GlobalSection(ExtensibilityGlobals) = postSolution
		SolutionGuid = {9C6D54F4-E944-4A01-A832-D36CF6F83247}
	EndGlobalSection
EndGlobal
